PODS:
  - XMSegmentedControl (0.1.4)

DEPENDENCIES:
  - XMSegmentedControl (from `../`)

EXTERNAL SOURCES:
  XMSegmentedControl:
    :path: "../"

SPEC CHECKSUMS:
  XMSegmentedControl: 51cf4f3daf14920692a064d9252aa7b29622dda6

PODFILE CHECKSUM: 23103cb9bfb0040da7a598f9ab2a2d76fdcb2354

COCOAPODS: 1.1.1
